
Microsoft Visual Studio Solution File, Format Version 12.00
# Visual Studio Version 16
VisualStudioVersion = 16.0.31729.503
MinimumVisualStudioVersion = 10.0.40219.1
Project("{9A19103F-16F7-4668-BE54-9A1E7A4F7556}") = "Devops.Tp1.WebApi", "Devops.Tp1.WebApi\Devops.Tp1.WebApi.csproj", "{B040C98F-1C65-4BDA-ABF4-39077B004F30}"
EndProject
Project("{9A19103F-16F7-4668-BE54-9A1E7A4F7556}") = "Devops.Tp1.Service", "Devops.Tp1.Service\Devops.Tp1.Service.csproj", "{16764621-1AE5-4D57-AC12-2592DE0DDF34}"
EndProject
Project("{9A19103F-16F7-4668-BE54-9A1E7A4F7556}") = "Devops.Tp1.Domain", "Devops.Tp1.Domain\Devops.Tp1.Domain.csproj", "{969EEA6E-D3EC-4DFC-A8C3-BA57305562C0}"
EndProject
Project("{9A19103F-16F7-4668-BE54-9A1E7A4F7556}") = "Devops.Tp1.ResourceAcces", "Devops.Tp1.ResourceAcces\Devops.Tp1.ResourceAcces.csproj", "{CB9CD61B-487C-4BD9-BF73-BE492B122D4E}"
EndProject
Project("{9A19103F-16F7-4668-BE54-9A1E7A4F7556}") = "Devops.Tp1.Logic", "Devops.Tp1.Logic\Devops.Tp1.Logic.csproj", "{4DD91EC7-5B1F-47D1-912D-CC1A1562873F}"
EndProject
Project("{FAE04EC0-301F-11D3-BF4B-00C04F79EFBC}") = "Devops.Tp1.Test", "Devops.Tp1.Test\Devops.Tp1.Test.csproj", "{C4BD0BFB-F76A-40EA-893A-1555BFAFD6AD}"
EndProject
Global
	GlobalSection(SolutionConfigurationPlatforms) = preSolution
		Debug|Any CPU = Debug|Any CPU
		Release|Any CPU = Release|Any CPU
	EndGlobalSection
	GlobalSection(ProjectConfigurationPlatforms) = postSolution
		{B040C98F-1C65-4BDA-ABF4-39077B004F30}.Debug|Any CPU.ActiveCfg = Debug|Any CPU
		{B040C98F-1C65-4BDA-ABF4-39077B004F30}.Debug|Any CPU.Build.0 = Debug|Any CPU
		{B040C98F-1C65-4BDA-ABF4-39077B004F30}.Release|Any CPU.ActiveCfg = Release|Any CPU
		{B040C98F-1C65-4BDA-ABF4-39077B004F30}.Release|Any CPU.Build.0 = Release|Any CPU
		{16764621-1AE5-4D57-AC12-2592DE0DDF34}.Debug|Any CPU.ActiveCfg = Debug|Any CPU
		{16764621-1AE5-4D57-AC12-2592DE0DDF34}.Debug|Any CPU.Build.0 = Debug|Any CPU
		{16764621-1AE5-4D57-AC12-2592DE0DDF34}.Release|Any CPU.ActiveCfg = Release|Any CPU
		{16764621-1AE5-4D57-AC12-2592DE0DDF34}.Release|Any CPU.Build.0 = Release|Any CPU
		{969EEA6E-D3EC-4DFC-A8C3-BA57305562C0}.Debug|Any CPU.ActiveCfg = Debug|Any CPU
		{969EEA6E-D3EC-4DFC-A8C3-BA57305562C0}.Debug|Any CPU.Build.0 = Debug|Any CPU
		{969EEA6E-D3EC-4DFC-A8C3-BA57305562C0}.Release|Any CPU.ActiveCfg = Release|Any CPU
		{969EEA6E-D3EC-4DFC-A8C3-BA57305562C0}.Release|Any CPU.Build.0 = Release|Any CPU
		{CB9CD61B-487C-4BD9-BF73-BE492B122D4E}.Debug|Any CPU.ActiveCfg = Debug|Any CPU
		{CB9CD61B-487C-4BD9-BF73-BE492B122D4E}.Debug|Any CPU.Build.0 = Debug|Any CPU
		{CB9CD61B-487C-4BD9-BF73-BE492B122D4E}.Release|Any CPU.ActiveCfg = Release|Any CPU
		{CB9CD61B-487C-4BD9-BF73-BE492B122D4E}.Release|Any CPU.Build.0 = Release|Any CPU
		{4DD91EC7-5B1F-47D1-912D-CC1A1562873F}.Debug|Any CPU.ActiveCfg = Debug|Any CPU
		{4DD91EC7-5B1F-47D1-912D-CC1A1562873F}.Debug|Any CPU.Build.0 = Debug|Any CPU
		{4DD91EC7-5B1F-47D1-912D-CC1A1562873F}.Release|Any CPU.ActiveCfg = Release|Any CPU
		{4DD91EC7-5B1F-47D1-912D-CC1A1562873F}.Release|Any CPU.Build.0 = Release|Any CPU
		{C4BD0BFB-F76A-40EA-893A-1555BFAFD6AD}.Debug|Any CPU.ActiveCfg = Debug|Any CPU
		{C4BD0BFB-F76A-40EA-893A-1555BFAFD6AD}.Debug|Any CPU.Build.0 = Debug|Any CPU
		{C4BD0BFB-F76A-40EA-893A-1555BFAFD6AD}.Release|Any CPU.ActiveCfg = Release|Any CPU
		{C4BD0BFB-F76A-40EA-893A-1555BFAFD6AD}.Release|Any CPU.Build.0 = Release|Any CPU
	EndGlobalSection
	GlobalSection(SolutionProperties) = preSolution
		HideSolutionNode = FALSE
	EndGlobalSection
	GlobalSection(ExtensibilityGlobals) = postSolution
		SolutionGuid = {2286715F-7BA1-461B-B06C-BC67A8BFCED8}
	EndGlobalSection
EndGlobal
